
Microsoft Visual Studio Solution File, Format Version 12.00
# Visual Studio Version 16
VisualStudioVersion = 16.0.32602.291
MinimumVisualStudioVersion = 10.0.40219.1
Project("{FAE04EC0-301F-11D3-BF4B-00C04F79EFBC}") = "ConsoleApp1", "ConsoleApp1\ConsoleApp1.csproj", "{74DF312B-BA3D-4131-849B-D69C33252252}"
EndProject
Project("{FAE04EC0-301F-11D3-BF4B-00C04F79EFBC}") = "Overloading", "..\Overloading\Overloading.csproj", "{B5B5E211-099F-46EE-8C94-ACE41A3C1F56}"
EndProject
Project("{FAE04EC0-301F-11D3-BF4B-00C04F79EFBC}") = "Overiding", "..\Overiding\Overiding.csproj", "{92643887-42AC-4F4F-A9AE-63FBF0B7A4B3}"
EndProject
Project("{FAE04EC0-301F-11D3-BF4B-00C04F79EFBC}") = "Inheritance", "..\Inheritance\Inheritance.csproj", "{97321B3E-ED11-43F5-952C-356EA05E72B3}"
EndProject
Project("{FAE04EC0-301F-11D3-BF4B-00C04F79EFBC}") = "DataType", "..\DataType\DataType.csproj", "{C546A644-1D5A-471D-AF79-A93AF9D47EE7}"
EndProject
Global
	GlobalSection(SolutionConfigurationPlatforms) = preSolution
		Debug|Any CPU = Debug|Any CPU
		Release|Any CPU = Release|Any CPU
	EndGlobalSection
	GlobalSection(ProjectConfigurationPlatforms) = postSolution
		{74DF312B-BA3D-4131-849B-D69C33252252}.Debug|Any CPU.ActiveCfg = Debug|Any CPU
		{74DF312B-BA3D-4131-849B-D69C33252252}.Debug|Any CPU.Build.0 = Debug|Any CPU
		{74DF312B-BA3D-4131-849B-D69C33252252}.Release|Any CPU.ActiveCfg = Release|Any CPU
		{74DF312B-BA3D-4131-849B-D69C33252252}.Release|Any CPU.Build.0 = Release|Any CPU
		{B5B5E211-099F-46EE-8C94-ACE41A3C1F56}.Debug|Any CPU.ActiveCfg = Debug|Any CPU
		{B5B5E211-099F-46EE-8C94-ACE41A3C1F56}.Debug|Any CPU.Build.0 = Debug|Any CPU
		{B5B5E211-099F-46EE-8C94-ACE41A3C1F56}.Release|Any CPU.ActiveCfg = Release|Any CPU
		{B5B5E211-099F-46EE-8C94-ACE41A3C1F56}.Release|Any CPU.Build.0 = Release|Any CPU
		{92643887-42AC-4F4F-A9AE-63FBF0B7A4B3}.Debug|Any CPU.ActiveCfg = Debug|Any CPU
		{92643887-42AC-4F4F-A9AE-63FBF0B7A4B3}.Debug|Any CPU.Build.0 = Debug|Any CPU
		{92643887-42AC-4F4F-A9AE-63FBF0B7A4B3}.Release|Any CPU.ActiveCfg = Release|Any CPU
		{92643887-42AC-4F4F-A9AE-63FBF0B7A4B3}.Release|Any CPU.Build.0 = Release|Any CPU
		{97321B3E-ED11-43F5-952C-356EA05E72B3}.Debug|Any CPU.ActiveCfg = Debug|Any CPU
		{97321B3E-ED11-43F5-952C-356EA05E72B3}.Debug|Any CPU.Build.0 = Debug|Any CPU
		{97321B3E-ED11-43F5-952C-356EA05E72B3}.Release|Any CPU.ActiveCfg = Release|Any CPU
		{97321B3E-ED11-43F5-952C-356EA05E72B3}.Release|Any CPU.Build.0 = Release|Any CPU
		{C546A644-1D5A-471D-AF79-A93AF9D47EE7}.Debug|Any CPU.ActiveCfg = Debug|Any CPU
		{C546A644-1D5A-471D-AF79-A93AF9D47EE7}.Debug|Any CPU.Build.0 = Debug|Any CPU
		{C546A644-1D5A-471D-AF79-A93AF9D47EE7}.Release|Any CPU.ActiveCfg = Release|Any CPU
		{C546A644-1D5A-471D-AF79-A93AF9D47EE7}.Release|Any CPU.Build.0 = Release|Any CPU
	EndGlobalSection
	GlobalSection(SolutionProperties) = preSolution
		HideSolutionNode = FALSE
	EndGlobalSection
	GlobalSection(ExtensibilityGlobals) = postSolution
		SolutionGuid = {91498995-9171-4F47-A6FD-652F675CCB25}
	EndGlobalSection
EndGlobal
