
Microsoft Visual Studio Solution File, Format Version 12.00
# Visual Studio Version 16
VisualStudioVersion = 16.0.32602.291
MinimumVisualStudioVersion = 10.0.40219.1
Project("{FAE04EC0-301F-11D3-BF4B-00C04F79EFBC}") = "StateMgmt", "StateMgmt\StateMgmt.csproj", "{A591E3F3-DA10-43AE-B90A-F14A606AA3F6}"
EndProject
Global
	GlobalSection(SolutionConfigurationPlatforms) = preSolution
		Debug|Any CPU = Debug|Any CPU
		Release|Any CPU = Release|Any CPU
	EndGlobalSection
	GlobalSection(ProjectConfigurationPlatforms) = postSolution
		{A591E3F3-DA10-43AE-B90A-F14A606AA3F6}.Debug|Any CPU.ActiveCfg = Debug|Any CPU
		{A591E3F3-DA10-43AE-B90A-F14A606AA3F6}.Debug|Any CPU.Build.0 = Debug|Any CPU
		{A591E3F3-DA10-43AE-B90A-F14A606AA3F6}.Release|Any CPU.ActiveCfg = Release|Any CPU
		{A591E3F3-DA10-43AE-B90A-F14A606AA3F6}.Release|Any CPU.Build.0 = Release|Any CPU
	EndGlobalSection
	GlobalSection(SolutionProperties) = preSolution
		HideSolutionNode = FALSE
	EndGlobalSection
	GlobalSection(ExtensibilityGlobals) = postSolution
		SolutionGuid = {081F9C0A-84EE-45DA-A3D8-7F2899402AAF}
	EndGlobalSection
EndGlobal
