
Microsoft Visual Studio Solution File, Format Version 12.00
# Visual Studio Version 16
VisualStudioVersion = 16.0.32602.291
MinimumVisualStudioVersion = 10.0.40219.1
Project("{FAE04EC0-301F-11D3-BF4B-00C04F79EFBC}") = "MiddlewareDemo", "MiddlewareDemo\MiddlewareDemo.csproj", "{94484027-C9B6-4DBE-84D5-24B45BFF8CC3}"
EndProject
Global
	GlobalSection(SolutionConfigurationPlatforms) = preSolution
		Debug|Any CPU = Debug|Any CPU
		Release|Any CPU = Release|Any CPU
	EndGlobalSection
	GlobalSection(ProjectConfigurationPlatforms) = postSolution
		{94484027-C9B6-4DBE-84D5-24B45BFF8CC3}.Debug|Any CPU.ActiveCfg = Debug|Any CPU
		{94484027-C9B6-4DBE-84D5-24B45BFF8CC3}.Debug|Any CPU.Build.0 = Debug|Any CPU
		{94484027-C9B6-4DBE-84D5-24B45BFF8CC3}.Release|Any CPU.ActiveCfg = Release|Any CPU
		{94484027-C9B6-4DBE-84D5-24B45BFF8CC3}.Release|Any CPU.Build.0 = Release|Any CPU
	EndGlobalSection
	GlobalSection(SolutionProperties) = preSolution
		HideSolutionNode = FALSE
	EndGlobalSection
	GlobalSection(ExtensibilityGlobals) = postSolution
		SolutionGuid = {D7486E6F-576A-4265-A898-60F9A67D9D35}
	EndGlobalSection
EndGlobal
