
Microsoft Visual Studio Solution File, Format Version 12.00
# Visual Studio Version 16
VisualStudioVersion = 16.0.32602.291
MinimumVisualStudioVersion = 10.0.40219.1
Project("{FAE04EC0-301F-11D3-BF4B-00C04F79EFBC}") = "Project_Hospital", "Project_Hospital\Project_Hospital.csproj", "{73C778D4-FFB6-4640-9B3C-25B2BE65DD7F}"
EndProject
Global
	GlobalSection(SolutionConfigurationPlatforms) = preSolution
		Debug|Any CPU = Debug|Any CPU
		Release|Any CPU = Release|Any CPU
	EndGlobalSection
	GlobalSection(ProjectConfigurationPlatforms) = postSolution
		{73C778D4-FFB6-4640-9B3C-25B2BE65DD7F}.Debug|Any CPU.ActiveCfg = Debug|Any CPU
		{73C778D4-FFB6-4640-9B3C-25B2BE65DD7F}.Debug|Any CPU.Build.0 = Debug|Any CPU
		{73C778D4-FFB6-4640-9B3C-25B2BE65DD7F}.Release|Any CPU.ActiveCfg = Release|Any CPU
		{73C778D4-FFB6-4640-9B3C-25B2BE65DD7F}.Release|Any CPU.Build.0 = Release|Any CPU
	EndGlobalSection
	GlobalSection(SolutionProperties) = preSolution
		HideSolutionNode = FALSE
	EndGlobalSection
	GlobalSection(ExtensibilityGlobals) = postSolution
		SolutionGuid = {D7EE4D5F-3C45-4F40-AE96-432369B5E74E}
	EndGlobalSection
EndGlobal
