
Microsoft Visual Studio Solution File, Format Version 12.00
# Visual Studio Version 16
VisualStudioVersion = 16.0.32602.291
MinimumVisualStudioVersion = 10.0.40219.1
Project("{FAE04EC0-301F-11D3-BF4B-00C04F79EFBC}") = "AjaxCrud", "AjaxCrud\AjaxCrud.csproj", "{4CE646B9-0C6B-42EA-8498-8F97BE677310}"
EndProject
Global
	GlobalSection(SolutionConfigurationPlatforms) = preSolution
		Debug|Any CPU = Debug|Any CPU
		Release|Any CPU = Release|Any CPU
	EndGlobalSection
	GlobalSection(ProjectConfigurationPlatforms) = postSolution
		{4CE646B9-0C6B-42EA-8498-8F97BE677310}.Debug|Any CPU.ActiveCfg = Debug|Any CPU
		{4CE646B9-0C6B-42EA-8498-8F97BE677310}.Debug|Any CPU.Build.0 = Debug|Any CPU
		{4CE646B9-0C6B-42EA-8498-8F97BE677310}.Release|Any CPU.ActiveCfg = Release|Any CPU
		{4CE646B9-0C6B-42EA-8498-8F97BE677310}.Release|Any CPU.Build.0 = Release|Any CPU
	EndGlobalSection
	GlobalSection(SolutionProperties) = preSolution
		HideSolutionNode = FALSE
	EndGlobalSection
	GlobalSection(ExtensibilityGlobals) = postSolution
		SolutionGuid = {22358B52-170E-4751-BA75-E590A00FC1F6}
	EndGlobalSection
EndGlobal
