
Microsoft Visual Studio Solution File, Format Version 12.00
# Visual Studio Version 16
VisualStudioVersion = 16.0.32602.291
MinimumVisualStudioVersion = 10.0.40219.1
Project("{FAE04EC0-301F-11D3-BF4B-00C04F79EFBC}") = "PartialViewAndAreas", "PartialViewAndAreas\PartialViewAndAreas.csproj", "{7930E852-9D29-43EA-80F0-B66773D12A32}"
EndProject
Global
	GlobalSection(SolutionConfigurationPlatforms) = preSolution
		Debug|Any CPU = Debug|Any CPU
		Release|Any CPU = Release|Any CPU
	EndGlobalSection
	GlobalSection(ProjectConfigurationPlatforms) = postSolution
		{7930E852-9D29-43EA-80F0-B66773D12A32}.Debug|Any CPU.ActiveCfg = Debug|Any CPU
		{7930E852-9D29-43EA-80F0-B66773D12A32}.Debug|Any CPU.Build.0 = Debug|Any CPU
		{7930E852-9D29-43EA-80F0-B66773D12A32}.Release|Any CPU.ActiveCfg = Release|Any CPU
		{7930E852-9D29-43EA-80F0-B66773D12A32}.Release|Any CPU.Build.0 = Release|Any CPU
	EndGlobalSection
	GlobalSection(SolutionProperties) = preSolution
		HideSolutionNode = FALSE
	EndGlobalSection
	GlobalSection(ExtensibilityGlobals) = postSolution
		SolutionGuid = {BA1C8100-C64B-410C-806F-37E0D77F9975}
	EndGlobalSection
EndGlobal
