
Microsoft Visual Studio Solution File, Format Version 12.00
# Visual Studio Version 16
VisualStudioVersion = 16.0.32602.291
MinimumVisualStudioVersion = 10.0.40219.1
Project("{9A19103F-16F7-4668-BE54-9A1E7A4F7556}") = "FirstApp", "FirstApp\FirstApp.csproj", "{F4F35774-E797-4202-9032-DDE08DB59E98}"
EndProject
Project("{FAE04EC0-301F-11D3-BF4B-00C04F79EFBC}") = "ReturnTypeOfAction", "..\ReturnTypeOfAction\ReturnTypeOfAction.csproj", "{A90AC3C3-3EE0-4FB8-A970-83C9733DF14A}"
EndProject
Global
	GlobalSection(SolutionConfigurationPlatforms) = preSolution
		Debug|Any CPU = Debug|Any CPU
		Release|Any CPU = Release|Any CPU
	EndGlobalSection
	GlobalSection(ProjectConfigurationPlatforms) = postSolution
		{F4F35774-E797-4202-9032-DDE08DB59E98}.Debug|Any CPU.ActiveCfg = Debug|Any CPU
		{F4F35774-E797-4202-9032-DDE08DB59E98}.Debug|Any CPU.Build.0 = Debug|Any CPU
		{F4F35774-E797-4202-9032-DDE08DB59E98}.Release|Any CPU.ActiveCfg = Release|Any CPU
		{F4F35774-E797-4202-9032-DDE08DB59E98}.Release|Any CPU.Build.0 = Release|Any CPU
		{A90AC3C3-3EE0-4FB8-A970-83C9733DF14A}.Debug|Any CPU.ActiveCfg = Debug|Any CPU
		{A90AC3C3-3EE0-4FB8-A970-83C9733DF14A}.Debug|Any CPU.Build.0 = Debug|Any CPU
		{A90AC3C3-3EE0-4FB8-A970-83C9733DF14A}.Release|Any CPU.ActiveCfg = Release|Any CPU
		{A90AC3C3-3EE0-4FB8-A970-83C9733DF14A}.Release|Any CPU.Build.0 = Release|Any CPU
	EndGlobalSection
	GlobalSection(SolutionProperties) = preSolution
		HideSolutionNode = FALSE
	EndGlobalSection
	GlobalSection(ExtensibilityGlobals) = postSolution
		SolutionGuid = {6D223C65-9748-419B-8216-AE2AD4D4C0C8}
	EndGlobalSection
EndGlobal
